// !$*UTF8*$!
{
	archiveVersion = 1;
	classes = {
	};
	objectVersion = 56;
	objects = {

/* Begin PBXBuildFile section */
		8CE435212DC0EB14007984D5 /* ContentView.swift in Sources */ = {isa = PBXBuildFile; fileRef = 8CE435202DC0EB14007984D5 /* ContentView.swift */; };
		8CE435232DC0EB16007984D5 /* Assets.xcassets in Resources */ = {isa = PBXBuildFile; fileRef = 8CE435222DC0EB16007984D5 /* Assets.xcassets */; };
		8CE435272DC0EB16007984D5 /* Preview Assets.xcassets in Resources */ = {isa = PBXBuildFile; fileRef = 8CE435262DC0EB16007984D5 /* Preview Assets.xcassets */; };
		8CE435312DC0EB16007984D5 /* siriniumTests.swift in Sources */ = {isa = PBXBuildFile; fileRef = 8CE435302DC0EB16007984D5 /* siriniumTests.swift */; };
		8CE4353B2DC0EB16007984D5 /* siriniumUITests.swift in Sources */ = {isa = PBXBuildFile; fileRef = 8CE4353A2DC0EB16007984D5 /* siriniumUITests.swift */; };
		8CE4353D2DC0EB16007984D5 /* siriniumUITestsLaunchTests.swift in Sources */ = {isa = PBXBuildFile; fileRef = 8CE4353C2DC0EB16007984D5 /* siriniumUITestsLaunchTests.swift */; };
		8CE4354A2DC0EC02007984D5 /* ScheduleViewModel.swift in Sources */ = {isa = PBXBuildFile; fileRef = 8CE435492DC0EC02007984D5 /* ScheduleViewModel.swift */; };
		8CE435532DC0FABD007984D5 /* ScheduleItem.swift in Sources */ = {isa = PBXBuildFile; fileRef = 8CE435522DC0FABD007984D5 /* ScheduleItem.swift */; };
/* End PBXBuildFile section */

/* Begin PBXContainerItemProxy section */
		8CE4352D2DC0EB16007984D5 /* PBXContainerItemProxy */ = {
			isa = PBXContainerItemProxy;
			containerPortal = 8CE435132DC0EB14007984D5 /* Project object */;
			proxyType = 1;
			remoteGlobalIDString = 8CE4351A2DC0EB14007984D5;
			remoteInfo = sirinium;
		};
		8CE435372DC0EB16007984D5 /* PBXContainerItemProxy */ = {
			isa = PBXContainerItemProxy;
			containerPortal = 8CE435132DC0EB14007984D5 /* Project object */;
			proxyType = 1;
			remoteGlobalIDString = 8CE4351A2DC0EB14007984D5;
			remoteInfo = sirinium;
		};
/* End PBXContainerItemProxy section */

/* Begin PBXFileReference section */
		8CE4351B2DC0EB14007984D5 /* sirinium.app */ = {isa = PBXFileReference; explicitFileType = wrapper.application; includeInIndex = 0; path = sirinium.app; sourceTree = BUILT_PRODUCTS_DIR; };
		8CE435202DC0EB14007984D5 /* ContentView.swift */ = {isa = PBXFileReference; lastKnownFileType = sourcecode.swift; path = ContentView.swift; sourceTree = "<group>"; tabWidth = 4; };
		8CE435222DC0EB16007984D5 /* Assets.xcassets */ = {isa = PBXFileReference; lastKnownFileType = folder.assetcatalog; path = Assets.xcassets; sourceTree = "<group>"; };
		8CE435242DC0EB16007984D5 /* sirinium.entitlements */ = {isa = PBXFileReference; lastKnownFileType = text.plist.entitlements; path = sirinium.entitlements; sourceTree = "<group>"; };
		8CE435262DC0EB16007984D5 /* Preview Assets.xcassets */ = {isa = PBXFileReference; lastKnownFileType = folder.assetcatalog; path = "Preview Assets.xcassets"; sourceTree = "<group>"; };
		8CE4352C2DC0EB16007984D5 /* siriniumTests.xctest */ = {isa = PBXFileReference; explicitFileType = wrapper.cfbundle; includeInIndex = 0; path = siriniumTests.xctest; sourceTree = BUILT_PRODUCTS_DIR; };
		8CE435302DC0EB16007984D5 /* siriniumTests.swift */ = {isa = PBXFileReference; lastKnownFileType = sourcecode.swift; path = siriniumTests.swift; sourceTree = "<group>"; };
		8CE435362DC0EB16007984D5 /* siriniumUITests.xctest */ = {isa = PBXFileReference; explicitFileType = wrapper.cfbundle; includeInIndex = 0; path = siriniumUITests.xctest; sourceTree = BUILT_PRODUCTS_DIR; };
		8CE4353A2DC0EB16007984D5 /* siriniumUITests.swift */ = {isa = PBXFileReference; lastKnownFileType = sourcecode.swift; path = siriniumUITests.swift; sourceTree = "<group>"; };
		8CE4353C2DC0EB16007984D5 /* siriniumUITestsLaunchTests.swift */ = {isa = PBXFileReference; lastKnownFileType = sourcecode.swift; path = siriniumUITestsLaunchTests.swift; sourceTree = "<group>"; };
		8CE435492DC0EC02007984D5 /* ScheduleViewModel.swift */ = {isa = PBXFileReference; lastKnownFileType = sourcecode.swift; path = ScheduleViewModel.swift; sourceTree = "<group>"; };
		8CE435512DC0F89C007984D5 /* Info.plist */ = {isa = PBXFileReference; lastKnownFileType = text.plist; path = Info.plist; sourceTree = "<group>"; };
		8CE435522DC0FABD007984D5 /* ScheduleItem.swift */ = {isa = PBXFileReference; lastKnownFileType = sourcecode.swift; path = ScheduleItem.swift; sourceTree = "<group>"; };
/* End PBXFileReference section */

/* Begin PBXFrameworksBuildPhase section */
		8CE435182DC0EB14007984D5 /* Frameworks */ = {
			isa = PBXFrameworksBuildPhase;
			buildActionMask = 2147483647;
			files = (
			);
			runOnlyForDeploymentPostprocessing = 0;
		};
		8CE435292DC0EB16007984D5 /* Frameworks */ = {
			isa = PBXFrameworksBuildPhase;
			buildActionMask = 2147483647;
			files = (
			);
			runOnlyForDeploymentPostprocessing = 0;
		};
		8CE435332DC0EB16007984D5 /* Frameworks */ = {
			isa = PBXFrameworksBuildPhase;
			buildActionMask = 2147483647;
			files = (
			);
			runOnlyForDeploymentPostprocessing = 0;
		};
/* End PBXFrameworksBuildPhase section */

/* Begin PBXGroup section */
		8CE435122DC0EB14007984D5 = {
			isa = PBXGroup;
			children = (
				8CE4351D2DC0EB14007984D5 /* sirinium */,
				8CE4352F2DC0EB16007984D5 /* siriniumTests */,
				8CE435392DC0EB16007984D5 /* siriniumUITests */,
				8CE4351C2DC0EB14007984D5 /* Products */,
			);
			sourceTree = "<group>";
		};
		8CE4351C2DC0EB14007984D5 /* Products */ = {
			isa = PBXGroup;
			children = (
				8CE4351B2DC0EB14007984D5 /* sirinium.app */,
				8CE4352C2DC0EB16007984D5 /* siriniumTests.xctest */,
				8CE435362DC0EB16007984D5 /* siriniumUITests.xctest */,
			);
			name = Products;
			sourceTree = "<group>";
		};
		8CE4351D2DC0EB14007984D5 /* sirinium */ = {
			isa = PBXGroup;
			children = (
				8CE435512DC0F89C007984D5 /* Info.plist */,
				8CE435522DC0FABD007984D5 /* ScheduleItem.swift */,
				8CE435202DC0EB14007984D5 /* ContentView.swift */,
				8CE435492DC0EC02007984D5 /* ScheduleViewModel.swift */,
				8CE435222DC0EB16007984D5 /* Assets.xcassets */,
				8CE435242DC0EB16007984D5 /* sirinium.entitlements */,
				8CE435252DC0EB16007984D5 /* Preview Content */,
			);
			path = sirinium;
			sourceTree = "<group>";
		};
		8CE435252DC0EB16007984D5 /* Preview Content */ = {
			isa = PBXGroup;
			children = (
				8CE435262DC0EB16007984D5 /* Preview Assets.xcassets */,
			);
			path = "Preview Content";
			sourceTree = "<group>";
		};
		8CE4352F2DC0EB16007984D5 /* siriniumTests */ = {
			isa = PBXGroup;
			children = (
				8CE435302DC0EB16007984D5 /* siriniumTests.swift */,
			);
			path = siriniumTests;
			sourceTree = "<group>";
		};
		8CE435392DC0EB16007984D5 /* siriniumUITests */ = {
			isa = PBXGroup;
			children = (
				8CE4353A2DC0EB16007984D5 /* siriniumUITests.swift */,
				8CE4353C2DC0EB16007984D5 /* siriniumUITestsLaunchTests.swift */,
			);
			path = siriniumUITests;
			sourceTree = "<group>";
		};
/* End PBXGroup section */

/* Begin PBXNativeTarget section */
		8CE4351A2DC0EB14007984D5 /* sirinium */ = {
			isa = PBXNativeTarget;
			buildConfigurationList = 8CE435402DC0EB16007984D5 /* Build configuration list for PBXNativeTarget "sirinium" */;
			buildPhases = (
				8CE435172DC0EB14007984D5 /* Sources */,
				8CE435182DC0EB14007984D5 /* Frameworks */,
				8CE435192DC0EB14007984D5 /* Resources */,
			);
			buildRules = (
			);
			dependencies = (
			);
			name = sirinium;
			productName = sirinium;
			productReference = 8CE4351B2DC0EB14007984D5 /* sirinium.app */;
			productType = "com.apple.product-type.application";
		};
		8CE4352B2DC0EB16007984D5 /* siriniumTests */ = {
			isa = PBXNativeTarget;
			buildConfigurationList = 8CE435432DC0EB16007984D5 /* Build configuration list for PBXNativeTarget "siriniumTests" */;
			buildPhases = (
				8CE435282DC0EB16007984D5 /* Sources */,
				8CE435292DC0EB16007984D5 /* Frameworks */,
				8CE4352A2DC0EB16007984D5 /* Resources */,
			);
			buildRules = (
			);
			dependencies = (
				8CE4352E2DC0EB16007984D5 /* PBXTargetDependency */,
			);
			name = siriniumTests;
			productName = siriniumTests;
			productReference = 8CE4352C2DC0EB16007984D5 /* siriniumTests.xctest */;
			productType = "com.apple.product-type.bundle.unit-test";
		};
		8CE435352DC0EB16007984D5 /* siriniumUITests */ = {
			isa = PBXNativeTarget;
			buildConfigurationList = 8CE435462DC0EB16007984D5 /* Build configuration list for PBXNativeTarget "siriniumUITests" */;
			buildPhases = (
				8CE435322DC0EB16007984D5 /* Sources */,
				8CE435332DC0EB16007984D5 /* Frameworks */,
				8CE435342DC0EB16007984D5 /* Resources */,
			);
			buildRules = (
			);
			dependencies = (
				8CE435382DC0EB16007984D5 /* PBXTargetDependency */,
			);
			name = siriniumUITests;
			productName = siriniumUITests;
			productReference = 8CE435362DC0EB16007984D5 /* siriniumUITests.xctest */;
			productType = "com.apple.product-type.bundle.ui-testing";
		};
/* End PBXNativeTarget section */

/* Begin PBXProject section */
		8CE435132DC0EB14007984D5 /* Project object */ = {
			isa = PBXProject;
			attributes = {
				BuildIndependentTargetsInParallel = 1;
				LastSwiftUpdateCheck = 1520;
				LastUpgradeCheck = 1520;
				TargetAttributes = {
					8CE4351A2DC0EB14007984D5 = {
						CreatedOnToolsVersion = 15.2;
					};
					8CE4352B2DC0EB16007984D5 = {
						CreatedOnToolsVersion = 15.2;
						TestTargetID = 8CE4351A2DC0EB14007984D5;
					};
					8CE435352DC0EB16007984D5 = {
						CreatedOnToolsVersion = 15.2;
						TestTargetID = 8CE4351A2DC0EB14007984D5;
					};
				};
			};
			buildConfigurationList = 8CE435162DC0EB14007984D5 /* Build configuration list for PBXProject "sirinium" */;
			compatibilityVersion = "Xcode 14.0";
			developmentRegion = en;
			hasScannedForEncodings = 0;
			knownRegions = (
				en,
				Base,
			);
			mainGroup = 8CE435122DC0EB14007984D5;
			productRefGroup = 8CE4351C2DC0EB14007984D5 /* Products */;
			projectDirPath = "";
			projectRoot = "";
			targets = (
				8CE4351A2DC0EB14007984D5 /* sirinium */,
				8CE4352B2DC0EB16007984D5 /* siriniumTests */,
				8CE435352DC0EB16007984D5 /* siriniumUITests */,
			);
		};
/* End PBXProject section */

/* Begin PBXResourcesBuildPhase section */
		8CE435192DC0EB14007984D5 /* Resources */ = {
			isa = PBXResourcesBuildPhase;
			buildActionMask = 2147483647;
			files = (
				8CE435272DC0EB16007984D5 /* Preview Assets.xcassets in Resources */,
				8CE435232DC0EB16007984D5 /* Assets.xcassets in Resources */,
			);
			runOnlyForDeploymentPostprocessing = 0;
		};
		8CE4352A2DC0EB16007984D5 /* Resources */ = {
			isa = PBXResourcesBuildPhase;
			buildActionMask = 2147483647;
			files = (
			);
			runOnlyForDeploymentPostprocessing = 0;
		};
		8CE435342DC0EB16007984D5 /* Resources */ = {
			isa = PBXResourcesBuildPhase;
			buildActionMask = 2147483647;
			files = (
			);
			runOnlyForDeploymentPostprocessing = 0;
		};
/* End PBXResourcesBuildPhase section */

/* Begin PBXSourcesBuildPhase section */
		8CE435172DC0EB14007984D5 /* Sources */ = {
			isa = PBXSourcesBuildPhase;
			buildActionMask = 2147483647;
			files = (
				8CE435532DC0FABD007984D5 /* ScheduleItem.swift in Sources */,
				8CE435212DC0EB14007984D5 /* ContentView.swift in Sources */,
				8CE4354A2DC0EC02007984D5 /* ScheduleViewModel.swift in Sources */,
			);
			runOnlyForDeploymentPostprocessing = 0;
		};
		8CE435282DC0EB16007984D5 /* Sources */ = {
			isa = PBXSourcesBuildPhase;
			buildActionMask = 2147483647;
			files = (
				8CE435312DC0EB16007984D5 /* siriniumTests.swift in Sources */,
			);
			runOnlyForDeploymentPostprocessing = 0;
		};
		8CE435322DC0EB16007984D5 /* Sources */ = {
			isa = PBXSourcesBuildPhase;
			buildActionMask = 2147483647;
			files = (
				8CE4353D2DC0EB16007984D5 /* siriniumUITestsLaunchTests.swift in Sources */,
				8CE4353B2DC0EB16007984D5 /* siriniumUITests.swift in Sources */,
			);
			runOnlyForDeploymentPostprocessing = 0;
		};
/* End PBXSourcesBuildPhase section */

/* Begin PBXTargetDependency section */
		8CE4352E2DC0EB16007984D5 /* PBXTargetDependency */ = {
			isa = PBXTargetDependency;
			target = 8CE4351A2DC0EB14007984D5 /* sirinium */;
			targetProxy = 8CE4352D2DC0EB16007984D5 /* PBXContainerItemProxy */;
		};
		8CE435382DC0EB16007984D5 /* PBXTargetDependency */ = {
			isa = PBXTargetDependency;
			target = 8CE4351A2DC0EB14007984D5 /* sirinium */;
			targetProxy = 8CE435372DC0EB16007984D5 /* PBXContainerItemProxy */;
		};
/* End PBXTargetDependency section */

/* Begin XCBuildConfiguration section */
		8CE4353E2DC0EB16007984D5 /* Debug */ = {
			isa = XCBuildConfiguration;
			buildSettings = {
				ALWAYS_SEARCH_USER_PATHS = NO;
				ASSETCATALOG_COMPILER_GENERATE_SWIFT_ASSET_SYMBOL_EXTENSIONS = YES;
				CLANG_ANALYZER_NONNULL = YES;
				CLANG_ANALYZER_NUMBER_OBJECT_CONVERSION = YES_AGGRESSIVE;
				CLANG_CXX_LANGUAGE_STANDARD = "gnu++20";
				CLANG_ENABLE_MODULES = YES;
				CLANG_ENABLE_OBJC_ARC = YES;
				CLANG_ENABLE_OBJC_WEAK = YES;
				CLANG_WARN_BLOCK_CAPTURE_AUTORELEASING = YES;
				CLANG_WARN_BOOL_CONVERSION = YES;
				CLANG_WARN_COMMA = YES;
				CLANG_WARN_CONSTANT_CONVERSION = YES;
				CLANG_WARN_DEPRECATED_OBJC_IMPLEMENTATIONS = YES;
				CLANG_WARN_DIRECT_OBJC_ISA_USAGE = YES_ERROR;
				CLANG_WARN_DOCUMENTATION_COMMENTS = YES;
				CLANG_WARN_EMPTY_BODY = YES;
				CLANG_WARN_ENUM_CONVERSION = YES;
				CLANG_WARN_INFINITE_RECURSION = YES;
				CLANG_WARN_INT_CONVERSION = YES;
				CLANG_WARN_NON_LITERAL_NULL_CONVERSION = YES;
				CLANG_WARN_OBJC_IMPLICIT_RETAIN_SELF = YES;
				CLANG_WARN_OBJC_LITERAL_CONVERSION = YES;
				CLANG_WARN_OBJC_ROOT_CLASS = YES_ERROR;
				CLANG_WARN_QUOTED_INCLUDE_IN_FRAMEWORK_HEADER = YES;
				CLANG_WARN_RANGE_LOOP_ANALYSIS = YES;
				CLANG_WARN_STRICT_PROTOTYPES = YES;
				CLANG_WARN_SUSPICIOUS_MOVE = YES;
				CLANG_WARN_UNGUARDED_AVAILABILITY = YES_AGGRESSIVE;
				CLANG_WARN_UNREACHABLE_CODE = YES;
				CLANG_WARN__DUPLICATE_METHOD_MATCH = YES;
				CODE_SIGNING_ALLOWED = NO;
				COPY_PHASE_STRIP = NO;
				CREATE_INFOPLIST_SECTION_IN_BINARY = YES;
				DEBUG_INFORMATION_FORMAT = dwarf;
				ENABLE_STRICT_OBJC_MSGSEND = YES;
				ENABLE_TESTABILITY = YES;
				ENABLE_USER_SCRIPT_SANDBOXING = YES;
				GCC_C_LANGUAGE_STANDARD = gnu17;
				GCC_DYNAMIC_NO_PIC = NO;
				GCC_NO_COMMON_BLOCKS = YES;
				GCC_OPTIMIZATION_LEVEL = 0;
				GCC_PREPROCESSOR_DEFINITIONS = (
					"DEBUG=1",
					"$(inherited)",
				);
				GCC_WARN_64_TO_32_BIT_CONVERSION = YES;
				GCC_WARN_ABOUT_RETURN_TYPE = YES_ERROR;
				GCC_WARN_UNDECLARED_SELECTOR = YES;
				GCC_WARN_UNINITIALIZED_AUTOS = YES_AGGRESSIVE;
				GCC_WARN_UNUSED_FUNCTION = YES;
				GCC_WARN_UNUSED_VARIABLE = YES;
				IPHONEOS_DEPLOYMENT_TARGET = 17.2;
				LOCALIZATION_PREFERS_STRING_CATALOGS = YES;
				MTL_ENABLE_DEBUG_INFO = INCLUDE_SOURCE;
				MTL_FAST_MATH = YES;
				ONLY_ACTIVE_ARCH = YES;
				SWIFT_ACTIVE_COMPILATION_CONDITIONS = "DEBUG $(inherited)";
				SWIFT_OPTIMIZATION_LEVEL = "-Onone";
			};
			name = Debug;
		};
		8CE4353F2DC0EB16007984D5 /* Release */ = {
			isa = XCBuildConfiguration;
			buildSettings = {
				ALWAYS_SEARCH_USER_PATHS = NO;
				ASSETCATALOG_COMPILER_GENERATE_SWIFT_ASSET_SYMBOL_EXTENSIONS = YES;
				CLANG_ANALYZER_NONNULL = YES;
				CLANG_ANALYZER_NUMBER_OBJECT_CONVERSION = YES_AGGRESSIVE;
				CLANG_CXX_LANGUAGE_STANDARD = "gnu++20";
				CLANG_ENABLE_MODULES = YES;
				CLANG_ENABLE_OBJC_ARC = YES;
				CLANG_ENABLE_OBJC_WEAK = YES;
				CLANG_WARN_BLOCK_CAPTURE_AUTORELEASING = YES;
				CLANG_WARN_BOOL_CONVERSION = YES;
				CLANG_WARN_COMMA = YES;
				CLANG_WARN_CONSTANT_CONVERSION = YES;
				CLANG_WARN_DEPRECATED_OBJC_IMPLEMENTATIONS = YES;
				CLANG_WARN_DIRECT_OBJC_ISA_USAGE = YES_ERROR;
				CLANG_WARN_DOCUMENTATION_COMMENTS = YES;
				CLANG_WARN_EMPTY_BODY = YES;
				CLANG_WARN_ENUM_CONVERSION = YES;
				CLANG_WARN_INFINITE_RECURSION = YES;
				CLANG_WARN_INT_CONVERSION = YES;
				CLANG_WARN_NON_LITERAL_NULL_CONVERSION = YES;
				CLANG_WARN_OBJC_IMPLICIT_RETAIN_SELF = YES;
				CLANG_WARN_OBJC_LITERAL_CONVERSION = YES;
				CLANG_WARN_OBJC_ROOT_CLASS = YES_ERROR;
				CLANG_WARN_QUOTED_INCLUDE_IN_FRAMEWORK_HEADER = YES;
				CLANG_WARN_RANGE_LOOP_ANALYSIS = YES;
				CLANG_WARN_STRICT_PROTOTYPES = YES;
				CLANG_WARN_SUSPICIOUS_MOVE = YES;
				CLANG_WARN_UNGUARDED_AVAILABILITY = YES_AGGRESSIVE;
				CLANG_WARN_UNREACHABLE_CODE = YES;
				CLANG_WARN__DUPLICATE_METHOD_MATCH = YES;
				CODE_SIGNING_ALLOWED = NO;
				COPY_PHASE_STRIP = NO;
				CREATE_INFOPLIST_SECTION_IN_BINARY = YES;
				DEBUG_INFORMATION_FORMAT = "dwarf-with-dsym";
				ENABLE_NS_ASSERTIONS = NO;
				ENABLE_STRICT_OBJC_MSGSEND = YES;
				ENABLE_USER_SCRIPT_SANDBOXING = YES;
				GCC_C_LANGUAGE_STANDARD = gnu17;
				GCC_NO_COMMON_BLOCKS = YES;
				GCC_WARN_64_TO_32_BIT_CONVERSION = YES;
				GCC_WARN_ABOUT_RETURN_TYPE = YES_ERROR;
				GCC_WARN_UNDECLARED_SELECTOR = YES;
				GCC_WARN_UNINITIALIZED_AUTOS = YES_AGGRESSIVE;
				GCC_WARN_UNUSED_FUNCTION = YES;
				GCC_WARN_UNUSED_VARIABLE = YES;
				IPHONEOS_DEPLOYMENT_TARGET = 17.2;
				LOCALIZATION_PREFERS_STRING_CATALOGS = YES;
				MTL_ENABLE_DEBUG_INFO = NO;
				MTL_FAST_MATH = YES;
				SWIFT_COMPILATION_MODE = wholemodule;
			};
			name = Release;
		};
		8CE435412DC0EB16007984D5 /* Debug */ = {
			isa = XCBuildConfiguration;
			buildSettings = {
				ASSETCATALOG_COMPILER_APPICON_NAME = AppIcon;
				ASSETCATALOG_COMPILER_GLOBAL_ACCENT_COLOR_NAME = AccentColor;
				CODE_SIGN_ENTITLEMENTS = sirinium/sirinium.entitlements;
				CODE_SIGN_IDENTITY = "Apple Development";
				CODE_SIGN_STYLE = Automatic;
				CURRENT_PROJECT_VERSION = 1;
				DEVELOPMENT_ASSET_PATHS = "\"sirinium/Preview Content\"";
				DEVELOPMENT_TEAM = 34Q3KRAFP7;
				ENABLE_PREVIEWS = YES;
				GENERATE_INFOPLIST_FILE = YES;
				INFOPLIST_FILE = sirinium/Info.plist;
				INFOPLIST_KEY_CFBundleDisplayName = sirinium;
				INFOPLIST_KEY_LSApplicationCategoryType = "public.app-category.education";
				"INFOPLIST_KEY_UIApplicationSceneManifest_Generation[sdk=iphoneos*]" = YES;
				"INFOPLIST_KEY_UIApplicationSceneManifest_Generation[sdk=iphonesimulator*]" = YES;
				"INFOPLIST_KEY_UIApplicationSupportsIndirectInputEvents[sdk=iphoneos*]" = YES;
				"INFOPLIST_KEY_UIApplicationSupportsIndirectInputEvents[sdk=iphonesimulator*]" = YES;
				"INFOPLIST_KEY_UILaunchScreen_Generation[sdk=iphoneos*]" = YES;
				"INFOPLIST_KEY_UILaunchScreen_Generation[sdk=iphonesimulator*]" = YES;
				"INFOPLIST_KEY_UIStatusBarStyle[sdk=iphoneos*]" = UIStatusBarStyleDefault;
				"INFOPLIST_KEY_UIStatusBarStyle[sdk=iphonesimulator*]" = UIStatusBarStyleDefault;
				INFOPLIST_KEY_UISupportedInterfaceOrientations_iPad = "UIInterfaceOrientationPortrait UIInterfaceOrientationPortraitUpsideDown UIInterfaceOrientationLandscapeLeft UIInterfaceOrientationLandscapeRight";
				INFOPLIST_KEY_UISupportedInterfaceOrientations_iPhone = "UIInterfaceOrientationPortrait UIInterfaceOrientationLandscapeLeft UIInterfaceOrientationLandscapeRight";
				IPHONEOS_DEPLOYMENT_TARGET = 17.2;
				LD_RUNPATH_SEARCH_PATHS = "@executable_path/Frameworks";
				"LD_RUNPATH_SEARCH_PATHS[sdk=macosx*]" = "@executable_path/../Frameworks";
				MACOSX_DEPLOYMENT_TARGET = 13.7;
				MARKETING_VERSION = 1.0;
				PRODUCT_BUNDLE_IDENTIFIER = com.dv320kl.sirinium;
				PRODUCT_NAME = "$(TARGET_NAME)";
				PROVISIONING_PROFILE_SPECIFIER = "";
				SDKROOT = auto;
				SUPPORTED_PLATFORMS = "iphoneos iphonesimulator";
				SUPPORTS_MACCATALYST = NO;
				SWIFT_EMIT_LOC_STRINGS = YES;
				SWIFT_VERSION = 5.0;
				TARGETED_DEVICE_FAMILY = "1,2";
			};
			name = Debug;
		};
		8CE435422DC0EB16007984D5 /* Release */ = {
			isa = XCBuildConfiguration;
			buildSettings = {
				ASSETCATALOG_COMPILER_APPICON_NAME = AppIcon;
				ASSETCATALOG_COMPILER_GLOBAL_ACCENT_COLOR_NAME = AccentColor;
				CODE_SIGN_ENTITLEMENTS = sirinium/sirinium.entitlements;
				CODE_SIGN_IDENTITY = "Apple Development";
				CODE_SIGN_STYLE = Automatic;
				CURRENT_PROJECT_VERSION = 1;
				DEVELOPMENT_ASSET_PATHS = "\"sirinium/Preview Content\"";
				DEVELOPMENT_TEAM = GKVM2269C3;
				ENABLE_PREVIEWS = YES;
				GENERATE_INFOPLIST_FILE = YES;
				INFOPLIST_FILE = sirinium/Info.plist;
				INFOPLIST_KEY_CFBundleDisplayName = sirinium;
				INFOPLIST_KEY_LSApplicationCategoryType = "public.app-category.education";
				"INFOPLIST_KEY_UIApplicationSceneManifest_Generation[sdk=iphoneos*]" = YES;
				"INFOPLIST_KEY_UIApplicationSceneManifest_Generation[sdk=iphonesimulator*]" = YES;
				"INFOPLIST_KEY_UIApplicationSupportsIndirectInputEvents[sdk=iphoneos*]" = YES;
				"INFOPLIST_KEY_UIApplicationSupportsIndirectInputEvents[sdk=iphonesimulator*]" = YES;
				"INFOPLIST_KEY_UILaunchScreen_Generation[sdk=iphoneos*]" = YES;
				"INFOPLIST_KEY_UILaunchScreen_Generation[sdk=iphonesimulator*]" = YES;
				"INFOPLIST_KEY_UIStatusBarStyle[sdk=iphoneos*]" = UIStatusBarStyleDefault;
				"INFOPLIST_KEY_UIStatusBarStyle[sdk=iphonesimulator*]" = UIStatusBarStyleDefault;
				INFOPLIST_KEY_UISupportedInterfaceOrientations_iPad = "UIInterfaceOrientationPortrait UIInterfaceOrientationPortraitUpsideDown UIInterfaceOrientationLandscapeLeft UIInterfaceOrientationLandscapeRight";
				INFOPLIST_KEY_UISupportedInterfaceOrientations_iPhone = "UIInterfaceOrientationPortrait UIInterfaceOrientationLandscapeLeft UIInterfaceOrientationLandscapeRight";
				IPHONEOS_DEPLOYMENT_TARGET = 17.2;
				LD_RUNPATH_SEARCH_PATHS = "@executable_path/Frameworks";
				"LD_RUNPATH_SEARCH_PATHS[sdk=macosx*]" = "@executable_path/../Frameworks";
				MACOSX_DEPLOYMENT_TARGET = 13.7;
				MARKETING_VERSION = 1.0;
				PRODUCT_BUNDLE_IDENTIFIER = com.alphadvolj.siriniumapp;
				PRODUCT_NAME = "$(TARGET_NAME)";
				PROVISIONING_PROFILE_SPECIFIER = "";
				SDKROOT = auto;
				SUPPORTED_PLATFORMS = "iphoneos iphonesimulator";
				SUPPORTS_MACCATALYST = NO;
				SWIFT_EMIT_LOC_STRINGS = YES;
				SWIFT_VERSION = 5.0;
				TARGETED_DEVICE_FAMILY = "1,2";
			};
			name = Release;
		};
		8CE435442DC0EB16007984D5 /* Debug */ = {
			isa = XCBuildConfiguration;
			buildSettings = {
				ALWAYS_EMBED_SWIFT_STANDARD_LIBRARIES = YES;
				BUNDLE_LOADER = "$(TEST_HOST)";
				CODE_SIGN_STYLE = Automatic;
				CURRENT_PROJECT_VERSION = 1;
				GENERATE_INFOPLIST_FILE = YES;
				IPHONEOS_DEPLOYMENT_TARGET = 17.2;
				MACOSX_DEPLOYMENT_TARGET = 13.7;
				MARKETING_VERSION = 1.0;
				PRODUCT_BUNDLE_IDENTIFIER = com.dvolj.sirinium.siriniumTests;
				PRODUCT_NAME = "$(TARGET_NAME)";
				SDKROOT = auto;
				SUPPORTED_PLATFORMS = "iphoneos iphonesimulator macosx";
				SWIFT_EMIT_LOC_STRINGS = NO;
				SWIFT_VERSION = 5.0;
				TARGETED_DEVICE_FAMILY = "1,2";
				TEST_HOST = "$(BUILT_PRODUCTS_DIR)/sirinium.app/$(BUNDLE_EXECUTABLE_FOLDER_PATH)/sirinium";
			};
			name = Debug;
		};
		8CE435452DC0EB16007984D5 /* Release */ = {
			isa = XCBuildConfiguration;
			buildSettings = {
				ALWAYS_EMBED_SWIFT_STANDARD_LIBRARIES = YES;
				BUNDLE_LOADER = "$(TEST_HOST)";
				CODE_SIGN_STYLE = Automatic;
				CURRENT_PROJECT_VERSION = 1;
				GENERATE_INFOPLIST_FILE = YES;
				IPHONEOS_DEPLOYMENT_TARGET = 17.2;
				MACOSX_DEPLOYMENT_TARGET = 13.7;
				MARKETING_VERSION = 1.0;
				PRODUCT_BUNDLE_IDENTIFIER = com.dvolj.sirinium.siriniumTests;
				PRODUCT_NAME = "$(TARGET_NAME)";
				SDKROOT = auto;
				SUPPORTED_PLATFORMS = "iphoneos iphonesimulator macosx";
				SWIFT_EMIT_LOC_STRINGS = NO;
				SWIFT_VERSION = 5.0;
				TARGETED_DEVICE_FAMILY = "1,2";
				TEST_HOST = "$(BUILT_PRODUCTS_DIR)/sirinium.app/$(BUNDLE_EXECUTABLE_FOLDER_PATH)/sirinium";
			};
			name = Release;
		};
		8CE435472DC0EB16007984D5 /* Debug */ = {
			isa = XCBuildConfiguration;
			buildSettings = {
				ALWAYS_EMBED_SWIFT_STANDARD_LIBRARIES = YES;
				CODE_SIGN_STYLE = Automatic;
				CURRENT_PROJECT_VERSION = 1;
				GENERATE_INFOPLIST_FILE = YES;
				IPHONEOS_DEPLOYMENT_TARGET = 17.2;
				MACOSX_DEPLOYMENT_TARGET = 13.7;
				MARKETING_VERSION = 1.0;
				PRODUCT_BUNDLE_IDENTIFIER = com.dvolj.sirinium.siriniumUITests;
				PRODUCT_NAME = "$(TARGET_NAME)";
				SDKROOT = auto;
				SUPPORTED_PLATFORMS = "iphoneos iphonesimulator macosx";
				SWIFT_EMIT_LOC_STRINGS = NO;
				SWIFT_VERSION = 5.0;
				TARGETED_DEVICE_FAMILY = "1,2";
				TEST_TARGET_NAME = sirinium;
			};
			name = Debug;
		};
		8CE435482DC0EB16007984D5 /* Release */ = {
			isa = XCBuildConfiguration;
			buildSettings = {
				ALWAYS_EMBED_SWIFT_STANDARD_LIBRARIES = YES;
				CODE_SIGN_STYLE = Automatic;
				CURRENT_PROJECT_VERSION = 1;
				GENERATE_INFOPLIST_FILE = YES;
				IPHONEOS_DEPLOYMENT_TARGET = 17.2;
				MACOSX_DEPLOYMENT_TARGET = 13.7;
				MARKETING_VERSION = 1.0;
				PRODUCT_BUNDLE_IDENTIFIER = com.dvolj.sirinium.siriniumUITests;
				PRODUCT_NAME = "$(TARGET_NAME)";
				SDKROOT = auto;
				SUPPORTED_PLATFORMS = "iphoneos iphonesimulator macosx";
				SWIFT_EMIT_LOC_STRINGS = NO;
				SWIFT_VERSION = 5.0;
				TARGETED_DEVICE_FAMILY = "1,2";
				TEST_TARGET_NAME = sirinium;
			};
			name = Release;
		};
/* End XCBuildConfiguration section */

/* Begin XCConfigurationList section */
		8CE435162DC0EB14007984D5 /* Build configuration list for PBXProject "sirinium" */ = {
			isa = XCConfigurationList;
			buildConfigurations = (
				8CE4353E2DC0EB16007984D5 /* Debug */,
				8CE4353F2DC0EB16007984D5 /* Release */,
			);
			defaultConfigurationIsVisible = 0;
			defaultConfigurationName = Release;
		};
		8CE435402DC0EB16007984D5 /* Build configuration list for PBXNativeTarget "sirinium" */ = {
			isa = XCConfigurationList;
			buildConfigurations = (
				8CE435412DC0EB16007984D5 /* Debug */,
				8CE435422DC0EB16007984D5 /* Release */,
			);
			defaultConfigurationIsVisible = 0;
			defaultConfigurationName = Release;
		};
		8CE435432DC0EB16007984D5 /* Build configuration list for PBXNativeTarget "siriniumTests" */ = {
			isa = XCConfigurationList;
			buildConfigurations = (
				8CE435442DC0EB16007984D5 /* Debug */,
				8CE435452DC0EB16007984D5 /* Release */,
			);
			defaultConfigurationIsVisible = 0;
			defaultConfigurationName = Release;
		};
		8CE435462DC0EB16007984D5 /* Build configuration list for PBXNativeTarget "siriniumUITests" */ = {
			isa = XCConfigurationList;
			buildConfigurations = (
				8CE435472DC0EB16007984D5 /* Debug */,
				8CE435482DC0EB16007984D5 /* Release */,
			);
			defaultConfigurationIsVisible = 0;
			defaultConfigurationName = Release;
		};
/* End XCConfigurationList section */
	};
	rootObject = 8CE435132DC0EB14007984D5 /* Project object */;
}
